
Microsoft Visual Studio Solution File, Format Version 12.00
# Visual Studio Version 17
VisualStudioVersion = 17.4.33205.214
MinimumVisualStudioVersion = 10.0.40219.1
Project("{9A19103F-16F7-4668-BE54-9A1E7A4F7556}") = "WSAlumnos", "WSAlumnos\WSAlumnos.csproj", "{99E3B721-98CE-4F80-9755-03EE4AC3D2A8}"
EndProject
Project("{9A19103F-16F7-4668-BE54-9A1E7A4F7556}") = "WebAPILibros", "WebAPILibros\WebAPILibros.csproj", "{2C67C228-F64A-47C9-B987-D364AD302871}"
EndProject
Global
	GlobalSection(SolutionConfigurationPlatforms) = preSolution
		Debug|Any CPU = Debug|Any CPU
		Release|Any CPU = Release|Any CPU
	EndGlobalSection
	GlobalSection(ProjectConfigurationPlatforms) = postSolution
		{99E3B721-98CE-4F80-9755-03EE4AC3D2A8}.Debug|Any CPU.ActiveCfg = Debug|Any CPU
		{99E3B721-98CE-4F80-9755-03EE4AC3D2A8}.Debug|Any CPU.Build.0 = Debug|Any CPU
		{99E3B721-98CE-4F80-9755-03EE4AC3D2A8}.Release|Any CPU.ActiveCfg = Release|Any CPU
		{99E3B721-98CE-4F80-9755-03EE4AC3D2A8}.Release|Any CPU.Build.0 = Release|Any CPU
		{2C67C228-F64A-47C9-B987-D364AD302871}.Debug|Any CPU.ActiveCfg = Debug|Any CPU
		{2C67C228-F64A-47C9-B987-D364AD302871}.Debug|Any CPU.Build.0 = Debug|Any CPU
		{2C67C228-F64A-47C9-B987-D364AD302871}.Release|Any CPU.ActiveCfg = Release|Any CPU
		{2C67C228-F64A-47C9-B987-D364AD302871}.Release|Any CPU.Build.0 = Release|Any CPU
	EndGlobalSection
	GlobalSection(SolutionProperties) = preSolution
		HideSolutionNode = FALSE
	EndGlobalSection
	GlobalSection(ExtensibilityGlobals) = postSolution
		SolutionGuid = {E5E2FB46-DED8-41DF-9FED-E0B73291A415}
	EndGlobalSection
EndGlobal
